
Microsoft Visual Studio Solution File, Format Version 12.00
# Visual Studio Version 17
VisualStudioVersion = 17.7.34221.43
MinimumVisualStudioVersion = 10.0.40219.1
Project("{FAE04EC0-301F-11D3-BF4B-00C04F79EFBC}") = "CSharpBasics", "CSharpBasics.csproj", "{A6D3B768-0BDE-4023-9D0A-6B344A1B0E66}"
EndProject
Global
	GlobalSection(SolutionConfigurationPlatforms) = preSolution
		Debug|Any CPU = Debug|Any CPU
		Release|Any CPU = Release|Any CPU
	EndGlobalSection
	GlobalSection(ProjectConfigurationPlatforms) = postSolution
		{A6D3B768-0BDE-4023-9D0A-6B344A1B0E66}.Debug|Any CPU.ActiveCfg = Debug|Any CPU
		{A6D3B768-0BDE-4023-9D0A-6B344A1B0E66}.Debug|Any CPU.Build.0 = Debug|Any CPU
		{A6D3B768-0BDE-4023-9D0A-6B344A1B0E66}.Release|Any CPU.ActiveCfg = Release|Any CPU
		{A6D3B768-0BDE-4023-9D0A-6B344A1B0E66}.Release|Any CPU.Build.0 = Release|Any CPU
	EndGlobalSection
	GlobalSection(SolutionProperties) = preSolution
		HideSolutionNode = FALSE
	EndGlobalSection
	GlobalSection(ExtensibilityGlobals) = postSolution
		SolutionGuid = {62BBE99E-9F3A-4B90-9863-3F83098EFBAF}
	EndGlobalSection
EndGlobal
